
Microsoft Visual Studio Solution File, Format Version 11.00
# Visual Studio 2010
Project("{FAE04EC0-301F-11D3-BF4B-00C04F79EFBC}") = "NeonVidUtil", "NeonVidUtil\NeonVidUtil.csproj", "{2A288B86-B932-444B-B669-F9FB19AC9C79}"
EndProject
Project("{FAE04EC0-301F-11D3-BF4B-00C04F79EFBC}") = "NeonVidUtilCore", "NeonVidUtilCore\NeonVidUtilCore.csproj", "{510A298E-779D-49E5-831D-57EECE564DC1}"
EndProject
Project("{FAE04EC0-301F-11D3-BF4B-00C04F79EFBC}") = "MediaInfoFormatHandler", "MediaInfoFormatHandler\MediaInfoFormatHandler.csproj", "{8A2FBEFF-6875-4396-90EB-2B5C10FE1D44}"
EndProject
Project("{FAE04EC0-301F-11D3-BF4B-00C04F79EFBC}") = "MKVFormatHandler", "MKVFormatHandler\MKVFormatHandler.csproj", "{9DE451FF-3FA3-4E5C-821C-A110FF45E979}"
EndProject
Project("{FAE04EC0-301F-11D3-BF4B-00C04F79EFBC}") = "FLACFormatHandler", "FLACFormatHandler\FLACFormatHandler.csproj", "{09A283E5-B047-43FF-BFDE-056E697CC438}"
EndProject
Project("{FAE04EC0-301F-11D3-BF4B-00C04F79EFBC}") = "VC1FormatHandler", "VC1FormatHandler\VC1FormatHandler.csproj", "{B2F34AC2-61EC-4168-85C7-308D6D08DA40}"
EndProject
Project("{2857B73E-F847-4B02-9238-064979017E93}") = "vc1conv", "vc1conv\vc1conv.cproj", "{84D1A34D-1F70-465B-968D-B74BAEE16774}"
EndProject
Project("{FAE04EC0-301F-11D3-BF4B-00C04F79EFBC}") = "WAVFormatHandler", "WAVFormatHandler\WAVFormatHandler.csproj", "{9E858649-F8E8-4917-A5CB-FF784D84BE75}"
EndProject
Project("{FAE04EC0-301F-11D3-BF4B-00C04F79EFBC}") = "WAVSharp", "WAVSharp\WAVSharp.csproj", "{81205C35-8E0C-457B-BC1B-7FABE2E20DF5}"
EndProject
Project("{2857B73E-F847-4B02-9238-064979017E93}") = "ffmpeg-convert", "ffmpeg-convert\ffmpeg-convert.cproj", "{715CD6DF-AAC0-4581-BC28-CA2ED89A5CA1}"
EndProject
Project("{FAE04EC0-301F-11D3-BF4B-00C04F79EFBC}") = "Wav2Flac", "Wav2Flac\Wav2Flac.csproj", "{A3C8B60C-0CA9-41EC-894E-E156198A3CFA}"
EndProject
Project("{FAE04EC0-301F-11D3-BF4B-00C04F79EFBC}") = "FFmpegFormatHandler", "FFmpegFormatHandler\FFmpegFormatHandler.csproj", "{4015AA68-8A25-4C4F-9399-A0118DF7F220}"
EndProject
Project("{2857B73E-F847-4B02-9238-064979017E93}") = "DGPulldown", "DGPulldown\DGPulldown.cproj", "{D0AEC428-160A-4C3A-A7BD-82777A2F0084}"
EndProject
Global
	GlobalSection(SolutionConfigurationPlatforms) = preSolution
		Debug|x86 = Debug|x86
		Release|x86 = Release|x86
	EndGlobalSection
	GlobalSection(ProjectConfigurationPlatforms) = postSolution
		{09A283E5-B047-43FF-BFDE-056E697CC438}.Debug|x86.ActiveCfg = Debug|Any CPU
		{09A283E5-B047-43FF-BFDE-056E697CC438}.Debug|x86.Build.0 = Debug|Any CPU
		{09A283E5-B047-43FF-BFDE-056E697CC438}.Release|x86.ActiveCfg = Release|Any CPU
		{09A283E5-B047-43FF-BFDE-056E697CC438}.Release|x86.Build.0 = Release|Any CPU
		{2A288B86-B932-444B-B669-F9FB19AC9C79}.Debug|x86.ActiveCfg = Debug|x86
		{2A288B86-B932-444B-B669-F9FB19AC9C79}.Debug|x86.Build.0 = Debug|x86
		{2A288B86-B932-444B-B669-F9FB19AC9C79}.Release|x86.ActiveCfg = Release|x86
		{2A288B86-B932-444B-B669-F9FB19AC9C79}.Release|x86.Build.0 = Release|x86
		{4015AA68-8A25-4C4F-9399-A0118DF7F220}.Debug|x86.ActiveCfg = Debug|Any CPU
		{4015AA68-8A25-4C4F-9399-A0118DF7F220}.Debug|x86.Build.0 = Debug|Any CPU
		{4015AA68-8A25-4C4F-9399-A0118DF7F220}.Release|x86.ActiveCfg = Release|Any CPU
		{4015AA68-8A25-4C4F-9399-A0118DF7F220}.Release|x86.Build.0 = Release|Any CPU
		{510A298E-779D-49E5-831D-57EECE564DC1}.Debug|x86.ActiveCfg = Debug|Any CPU
		{510A298E-779D-49E5-831D-57EECE564DC1}.Debug|x86.Build.0 = Debug|Any CPU
		{510A298E-779D-49E5-831D-57EECE564DC1}.Release|x86.ActiveCfg = Release|Any CPU
		{510A298E-779D-49E5-831D-57EECE564DC1}.Release|x86.Build.0 = Release|Any CPU
		{715CD6DF-AAC0-4581-BC28-CA2ED89A5CA1}.Debug|x86.ActiveCfg = Debug|Any CPU
		{715CD6DF-AAC0-4581-BC28-CA2ED89A5CA1}.Debug|x86.Build.0 = Debug|Any CPU
		{715CD6DF-AAC0-4581-BC28-CA2ED89A5CA1}.Release|x86.ActiveCfg = Release|Any CPU
		{715CD6DF-AAC0-4581-BC28-CA2ED89A5CA1}.Release|x86.Build.0 = Release|Any CPU
		{81205C35-8E0C-457B-BC1B-7FABE2E20DF5}.Debug|x86.ActiveCfg = Debug|Any CPU
		{81205C35-8E0C-457B-BC1B-7FABE2E20DF5}.Debug|x86.Build.0 = Debug|Any CPU
		{81205C35-8E0C-457B-BC1B-7FABE2E20DF5}.Release|x86.ActiveCfg = Release|Any CPU
		{81205C35-8E0C-457B-BC1B-7FABE2E20DF5}.Release|x86.Build.0 = Release|Any CPU
		{84D1A34D-1F70-465B-968D-B74BAEE16774}.Debug|x86.ActiveCfg = Debug|Any CPU
		{84D1A34D-1F70-465B-968D-B74BAEE16774}.Debug|x86.Build.0 = Debug|Any CPU
		{84D1A34D-1F70-465B-968D-B74BAEE16774}.Release|x86.ActiveCfg = Release|Any CPU
		{84D1A34D-1F70-465B-968D-B74BAEE16774}.Release|x86.Build.0 = Release|Any CPU
		{8A2FBEFF-6875-4396-90EB-2B5C10FE1D44}.Debug|x86.ActiveCfg = Debug|Any CPU
		{8A2FBEFF-6875-4396-90EB-2B5C10FE1D44}.Debug|x86.Build.0 = Debug|Any CPU
		{8A2FBEFF-6875-4396-90EB-2B5C10FE1D44}.Release|x86.ActiveCfg = Release|Any CPU
		{8A2FBEFF-6875-4396-90EB-2B5C10FE1D44}.Release|x86.Build.0 = Release|Any CPU
		{9DE451FF-3FA3-4E5C-821C-A110FF45E979}.Debug|x86.ActiveCfg = Debug|Any CPU
		{9DE451FF-3FA3-4E5C-821C-A110FF45E979}.Debug|x86.Build.0 = Debug|Any CPU
		{9DE451FF-3FA3-4E5C-821C-A110FF45E979}.Release|x86.ActiveCfg = Release|Any CPU
		{9DE451FF-3FA3-4E5C-821C-A110FF45E979}.Release|x86.Build.0 = Release|Any CPU
		{9E858649-F8E8-4917-A5CB-FF784D84BE75}.Debug|x86.ActiveCfg = Debug|Any CPU
		{9E858649-F8E8-4917-A5CB-FF784D84BE75}.Debug|x86.Build.0 = Debug|Any CPU
		{9E858649-F8E8-4917-A5CB-FF784D84BE75}.Release|x86.ActiveCfg = Release|Any CPU
		{9E858649-F8E8-4917-A5CB-FF784D84BE75}.Release|x86.Build.0 = Release|Any CPU
		{A3C8B60C-0CA9-41EC-894E-E156198A3CFA}.Debug|x86.ActiveCfg = Debug|Any CPU
		{A3C8B60C-0CA9-41EC-894E-E156198A3CFA}.Debug|x86.Build.0 = Debug|Any CPU
		{A3C8B60C-0CA9-41EC-894E-E156198A3CFA}.Release|x86.ActiveCfg = Release|Any CPU
		{A3C8B60C-0CA9-41EC-894E-E156198A3CFA}.Release|x86.Build.0 = Release|Any CPU
		{B2F34AC2-61EC-4168-85C7-308D6D08DA40}.Debug|x86.ActiveCfg = Debug|Any CPU
		{B2F34AC2-61EC-4168-85C7-308D6D08DA40}.Debug|x86.Build.0 = Debug|Any CPU
		{B2F34AC2-61EC-4168-85C7-308D6D08DA40}.Release|x86.ActiveCfg = Release|Any CPU
		{B2F34AC2-61EC-4168-85C7-308D6D08DA40}.Release|x86.Build.0 = Release|Any CPU
		{D0AEC428-160A-4C3A-A7BD-82777A2F0084}.Debug|x86.ActiveCfg = Debug|Any CPU
		{D0AEC428-160A-4C3A-A7BD-82777A2F0084}.Debug|x86.Build.0 = Debug|Any CPU
		{D0AEC428-160A-4C3A-A7BD-82777A2F0084}.Release|x86.ActiveCfg = Release|Any CPU
		{D0AEC428-160A-4C3A-A7BD-82777A2F0084}.Release|x86.Build.0 = Release|Any CPU
	EndGlobalSection
	GlobalSection(MonoDevelopProperties) = preSolution
		StartupItem = NeonVidUtil\NeonVidUtil.csproj
		Policies = $0
		$0.DotNetNamingPolicy = $1
		$1.DirectoryNamespaceAssociation = None
		$1.ResourceNamePolicy = FileFormatDefault
		$0.TextStylePolicy = $2
		$2.inheritsSet = null
		$2.scope = text/x-csharp
		$0.CSharpFormattingPolicy = $3
		$3.IndentSwitchBody = True
		$3.AlignEmbeddedUsingStatements = False
		$3.AlignEmbeddedIfStatements = False
		$3.NamespaceBraceStyle = EndOfLine
		$3.ClassBraceStyle = EndOfLine
		$3.InterfaceBraceStyle = EndOfLine
		$3.StructBraceStyle = EndOfLine
		$3.EnumBraceStyle = EndOfLine
		$3.MethodBraceStyle = EndOfLine
		$3.ConstructorBraceStyle = EndOfLine
		$3.DestructorBraceStyle = EndOfLine
		$3.IfElseBraceForcement = AddBraces
		$3.ForBraceForcement = AddBraces
		$3.WhileBraceForcement = AddBraces
		$3.UsingBraceForcement = AddBraces
		$3.FixedBraceForcement = AddBraces
		$3.PlaceElseOnNewLine = True
		$3.PlaceCatchOnNewLine = True
		$3.PlaceFinallyOnNewLine = True
		$3.BeforeMethodDeclarationParentheses = False
		$3.BeforeMethodCallParentheses = False
		$3.BeforeConstructorDeclarationParentheses = False
		$3.BeforeIndexerDeclarationBracket = False
		$3.BeforeDelegateDeclarationParentheses = False
		$3.NewParentheses = False
		$3.IfParentheses = False
		$3.WhileParentheses = False
		$3.ForParentheses = False
		$3.ForeachParentheses = False
		$3.CatchParentheses = False
		$3.SwitchParentheses = False
		$3.LockParentheses = False
		$3.UsingParentheses = False
		$3.SpacesBeforeBrackets = False
		$3.inheritsSet = Mono
		$3.inheritsScope = text/x-csharp
		$3.scope = text/x-csharp
	EndGlobalSection
EndGlobal
